
Microsoft Visual Studio Solution File, Format Version 12.00
# Visual Studio 14
VisualStudioVersion = 14.0.25420.1
MinimumVisualStudioVersion = 10.0.40219.1
Project("{FAE04EC0-301F-11D3-BF4B-00C04F79EFBC}") = "AMS.Comercial", "AMS.Comercial\AMS.Comercial.csproj", "{F4E45EA0-830A-45C6-9EEA-5E9FAD830662}"
EndProject
Project("{FAE04EC0-301F-11D3-BF4B-00C04F79EFBC}") = "AMS.Contabilidad", "AMS.Contabilidad\AMS.Contabilidad.csproj", "{6E5D9657-A3F0-4BCA-8D48-3F089E82439D}"
EndProject
Project("{FAE04EC0-301F-11D3-BF4B-00C04F79EFBC}") = "AMS.DBManager", "AMS.DBManager\AMS.DBManager.csproj", "{41ED97B6-DDCF-4AA6-BA60-8F23A5661C49}"
EndProject
Project("{FAE04EC0-301F-11D3-BF4B-00C04F79EFBC}") = "AMS.DB", "AMS.DB\AMS.DB.csproj", "{BAE52CE2-EF3D-4B65-9F5A-9DA33502F99C}"
EndProject
Project("{FAE04EC0-301F-11D3-BF4B-00C04F79EFBC}") = "AMS", "AMS\AMS.csproj", "{19E0F760-DDDE-442F-974D-1D179784AD49}"
	ProjectSection(ProjectDependencies) = postProject
		{E6B41552-75D6-43C0-BC87-98F3C516AD3F} = {E6B41552-75D6-43C0-BC87-98F3C516AD3F}
		{A7D34068-42C5-45DE-927C-2870C7399F44} = {A7D34068-42C5-45DE-927C-2870C7399F44}
		{1B84B99B-D392-48C7-A62A-06BDADA22005} = {1B84B99B-D392-48C7-A62A-06BDADA22005}
		{E680F9B3-AE3F-4A97-B6E9-3294983EBA18} = {E680F9B3-AE3F-4A97-B6E9-3294983EBA18}
		{469308D3-CA26-4EE1-A0D6-A3EA8018D5BF} = {469308D3-CA26-4EE1-A0D6-A3EA8018D5BF}
	EndProjectSection
EndProject
Project("{FAE04EC0-301F-11D3-BF4B-00C04F79EFBC}") = "AMS.CryptoServices", "AMS.CryptoServices\AMS.CryptoServices.csproj", "{137D79F7-AA92-4A71-A6F4-FE44FFEB715B}"
EndProject
Project("{FAE04EC0-301F-11D3-BF4B-00C04F79EFBC}") = "AMS.Documentos", "AMS.Documentos\AMS.Documentos.csproj", "{19EF3FAA-C588-4E81-813B-6F3C723B222B}"
EndProject
Project("{FAE04EC0-301F-11D3-BF4B-00C04F79EFBC}") = "AMS.Estadisticos", "AMS.Estadisticos\AMS.Estadisticos.csproj", "{E6B41552-75D6-43C0-BC87-98F3C516AD3F}"
EndProject
Project("{FAE04EC0-301F-11D3-BF4B-00C04F79EFBC}") = "AMS.Gerencial", "AMS.Gerencial\AMS.Gerencial.csproj", "{29B6EF1A-618B-4881-8978-BE8C042CF2E9}"
EndProject
Project("{FAE04EC0-301F-11D3-BF4B-00C04F79EFBC}") = "AMS.Finanzas", "AMS.Finanzas\AMS.Finanzas.csproj", "{000D52F5-9028-4138-AB13-7AC5721613A6}"
EndProject
Project("{FAE04EC0-301F-11D3-BF4B-00C04F79EFBC}") = "AMS.Forms", "AMS.Forms\AMS.Forms.csproj", "{4E9173A3-45B7-4B17-846D-8D790517DDF5}"
EndProject
Project("{FAE04EC0-301F-11D3-BF4B-00C04F79EFBC}") = "AMS.Garantias", "AMS.Garantias\AMS.Garantias.csproj", "{9540FC62-DEDD-422D-826C-0C72F77E255D}"
EndProject
Project("{FAE04EC0-301F-11D3-BF4B-00C04F79EFBC}") = "AMS.Interface", "AMS.Interface\AMS.Interface.csproj", "{D36FAE85-B5CB-459C-829D-24FE74291F8B}"
EndProject
Project("{FAE04EC0-301F-11D3-BF4B-00C04F79EFBC}") = "AMS.Marketing", "AMS.Marketing\AMS.Marketing.csproj", "{A7D34068-42C5-45DE-927C-2870C7399F44}"
EndProject
Project("{FAE04EC0-301F-11D3-BF4B-00C04F79EFBC}") = "AMS.Inventarios", "AMS.Inventarios\AMS.Inventarios.csproj", "{F8976D54-8AE0-4A6C-91D5-60671FE19B09}"
EndProject
Project("{FAE04EC0-301F-11D3-BF4B-00C04F79EFBC}") = "AMS.Vehiculos", "AMS.Vehiculos\AMS.Vehiculos.csproj", "{94F184F4-565B-4E86-B404-53D4EC0C2CFD}"
EndProject
Project("{FAE04EC0-301F-11D3-BF4B-00C04F79EFBC}") = "AMS.Tramite", "AMS.Tramite\AMS.Tramite.csproj", "{65436F19-0E6C-4580-97F6-B9A20B500C4C}"
EndProject
Project("{FAE04EC0-301F-11D3-BF4B-00C04F79EFBC}") = "AMS.Tools", "AMS.Tools\AMS.Tools.csproj", "{97030739-855C-4ECE-A72B-231624365A8D}"
EndProject
Project("{FAE04EC0-301F-11D3-BF4B-00C04F79EFBC}") = "AMS.Reportes", "AMS.Reportes\AMS.Reportes.csproj", "{E680F9B3-AE3F-4A97-B6E9-3294983EBA18}"
EndProject
Project("{FAE04EC0-301F-11D3-BF4B-00C04F79EFBC}") = "AMS.Nomina", "AMS.Nomina\AMS.Nomina.csproj", "{DE43B03B-C820-4DDC-935C-99EA6CDF6280}"
EndProject
Project("{FAE04EC0-301F-11D3-BF4B-00C04F79EFBC}") = "AMS.Automotriz", "AMS.Automotriz\AMS.Automotriz.csproj", "{1B84B99B-D392-48C7-A62A-06BDADA22005}"
EndProject
Project("{FAE04EC0-301F-11D3-BF4B-00C04F79EFBC}") = "AMS.Produccion", "AMS.Produccion\AMS.Produccion.csproj", "{A1E1960D-4170-4F15-B106-768ACB441590}"
EndProject
Project("{FAE04EC0-301F-11D3-BF4B-00C04F79EFBC}") = "AMS.Web", "AMS.Web\AMS.Web.csproj", "{469308D3-CA26-4EE1-A0D6-A3EA8018D5BF}"
EndProject
Project("{FAE04EC0-301F-11D3-BF4B-00C04F79EFBC}") = "AMS.Utilidades", "AMS.Utilidades\AMS.Utilidades.csproj", "{029CA7F3-E7C7-4D25-BD68-DDAB1C17EA64}"
EndProject
Project("{FAE04EC0-301F-11D3-BF4B-00C04F79EFBC}") = "AMS.SAC_Asesoria", "AMS.SAC_Asesoria\AMS.SAC_Asesoria.csproj", "{2AEDD9DB-90C2-40FF-8067-9D8140452EC4}"
EndProject
Project("{FAE04EC0-301F-11D3-BF4B-00C04F79EFBC}") = "AMS.VIP", "AMS.VIP\AMS.VIP.csproj", "{44A1D129-F4BF-439C-9A77-7B29EC3C929B}"
EndProject
Project("{FAE04EC0-301F-11D3-BF4B-00C04F79EFBC}") = "AMS.FileSync", "AMS.FileSync\AMS.FileSync.csproj", "{B25D367A-B4E4-4995-9167-F2415F7D0D6F}"
EndProject
Project("{FAE04EC0-301F-11D3-BF4B-00C04F79EFBC}") = "AMS.WebService", "AMS.WebService\AMS.WebService.csproj", "{795F94CC-A7D7-4444-9F51-0251B6BF82ED}"
EndProject
Project("{FAE04EC0-301F-11D3-BF4B-00C04F79EFBC}") = "AMS.Calidad", "AMS.Calidad\AMS.Calidad.csproj", "{6FC6B2BD-753F-403A-B186-07BADEE628FA}"
EndProject
Project("{FAE04EC0-301F-11D3-BF4B-00C04F79EFBC}") = "AMS.ecasWCF", "AMS.ecasWCF\AMS.ecasWCF.csproj", "{BF251D78-A42D-4016-8EDD-C8AF39DD66F5}"
EndProject
Project("{FAE04EC0-301F-11D3-BF4B-00C04F79EFBC}") = "AMS.Asousados", "AMS.Asousados\AMS.Asousados.csproj", "{EE5737C2-CF8A-4187-839F-D497BB3E59D4}"
EndProject
Project("{FAE04EC0-301F-11D3-BF4B-00C04F79EFBC}") = "AMS.Reclasificar", "AMS.Reclasificar\AMS.Reclasificar.csproj", "{6E7604BA-70C3-4B1C-89F4-63590703AC99}"
EndProject
Global
	GlobalSection(SolutionConfigurationPlatforms) = preSolution
		AMS.Automotriz|.NET = AMS.Automotriz|.NET
		AMS.Automotriz|Any CPU = AMS.Automotriz|Any CPU
		AMS.Automotriz|Mixed Platforms = AMS.Automotriz|Mixed Platforms
		AMS.Automotriz|x86 = AMS.Automotriz|x86
		Debug|.NET = Debug|.NET
		Debug|Any CPU = Debug|Any CPU
		Debug|Mixed Platforms = Debug|Mixed Platforms
		Debug|x86 = Debug|x86
		Release|.NET = Release|.NET
		Release|Any CPU = Release|Any CPU
		Release|Mixed Platforms = Release|Mixed Platforms
		Release|x86 = Release|x86
	EndGlobalSection
	GlobalSection(ProjectConfigurationPlatforms) = postSolution
		{F4E45EA0-830A-45C6-9EEA-5E9FAD830662}.AMS.Automotriz|.NET.ActiveCfg = Release|Any CPU
		{F4E45EA0-830A-45C6-9EEA-5E9FAD830662}.AMS.Automotriz|Any CPU.ActiveCfg = Release|Any CPU
		{F4E45EA0-830A-45C6-9EEA-5E9FAD830662}.AMS.Automotriz|Any CPU.Build.0 = Release|Any CPU
		{F4E45EA0-830A-45C6-9EEA-5E9FAD830662}.AMS.Automotriz|Mixed Platforms.ActiveCfg = Release|Any CPU
		{F4E45EA0-830A-45C6-9EEA-5E9FAD830662}.AMS.Automotriz|Mixed Platforms.Build.0 = Release|Any CPU
		{F4E45EA0-830A-45C6-9EEA-5E9FAD830662}.AMS.Automotriz|x86.ActiveCfg = Release|Any CPU
		{F4E45EA0-830A-45C6-9EEA-5E9FAD830662}.Debug|.NET.ActiveCfg = Debug|Any CPU
		{F4E45EA0-830A-45C6-9EEA-5E9FAD830662}.Debug|Any CPU.ActiveCfg = Debug|Any CPU
		{F4E45EA0-830A-45C6-9EEA-5E9FAD830662}.Debug|Any CPU.Build.0 = Debug|Any CPU
		{F4E45EA0-830A-45C6-9EEA-5E9FAD830662}.Debug|Mixed Platforms.ActiveCfg = Debug|Any CPU
		{F4E45EA0-830A-45C6-9EEA-5E9FAD830662}.Debug|Mixed Platforms.Build.0 = Debug|Any CPU
		{F4E45EA0-830A-45C6-9EEA-5E9FAD830662}.Debug|x86.ActiveCfg = Debug|Any CPU
		{F4E45EA0-830A-45C6-9EEA-5E9FAD830662}.Release|.NET.ActiveCfg = Release|Any CPU
		{F4E45EA0-830A-45C6-9EEA-5E9FAD830662}.Release|Any CPU.ActiveCfg = Release|Any CPU
		{F4E45EA0-830A-45C6-9EEA-5E9FAD830662}.Release|Any CPU.Build.0 = Release|Any CPU
		{F4E45EA0-830A-45C6-9EEA-5E9FAD830662}.Release|Mixed Platforms.ActiveCfg = Release|Any CPU
		{F4E45EA0-830A-45C6-9EEA-5E9FAD830662}.Release|Mixed Platforms.Build.0 = Release|Any CPU
		{F4E45EA0-830A-45C6-9EEA-5E9FAD830662}.Release|x86.ActiveCfg = Release|Any CPU
		{6E5D9657-A3F0-4BCA-8D48-3F089E82439D}.AMS.Automotriz|.NET.ActiveCfg = AMS.Automotriz|Any CPU
		{6E5D9657-A3F0-4BCA-8D48-3F089E82439D}.AMS.Automotriz|Any CPU.ActiveCfg = AMS.Automotriz|Any CPU
		{6E5D9657-A3F0-4BCA-8D48-3F089E82439D}.AMS.Automotriz|Any CPU.Build.0 = AMS.Automotriz|Any CPU
		{6E5D9657-A3F0-4BCA-8D48-3F089E82439D}.AMS.Automotriz|Mixed Platforms.ActiveCfg = AMS.Automotriz|Any CPU
		{6E5D9657-A3F0-4BCA-8D48-3F089E82439D}.AMS.Automotriz|Mixed Platforms.Build.0 = AMS.Automotriz|Any CPU
		{6E5D9657-A3F0-4BCA-8D48-3F089E82439D}.AMS.Automotriz|x86.ActiveCfg = AMS.Automotriz|Any CPU
		{6E5D9657-A3F0-4BCA-8D48-3F089E82439D}.Debug|.NET.ActiveCfg = Debug|Any CPU
		{6E5D9657-A3F0-4BCA-8D48-3F089E82439D}.Debug|Any CPU.ActiveCfg = Debug|Any CPU
		{6E5D9657-A3F0-4BCA-8D48-3F089E82439D}.Debug|Any CPU.Build.0 = Debug|Any CPU
		{6E5D9657-A3F0-4BCA-8D48-3F089E82439D}.Debug|Mixed Platforms.ActiveCfg = Debug|Any CPU
		{6E5D9657-A3F0-4BCA-8D48-3F089E82439D}.Debug|Mixed Platforms.Build.0 = Debug|Any CPU
		{6E5D9657-A3F0-4BCA-8D48-3F089E82439D}.Debug|x86.ActiveCfg = Debug|Any CPU
		{6E5D9657-A3F0-4BCA-8D48-3F089E82439D}.Release|.NET.ActiveCfg = Release|Any CPU
		{6E5D9657-A3F0-4BCA-8D48-3F089E82439D}.Release|Any CPU.ActiveCfg = Release|Any CPU
		{6E5D9657-A3F0-4BCA-8D48-3F089E82439D}.Release|Any CPU.Build.0 = Release|Any CPU
		{6E5D9657-A3F0-4BCA-8D48-3F089E82439D}.Release|Mixed Platforms.ActiveCfg = Release|Any CPU
		{6E5D9657-A3F0-4BCA-8D48-3F089E82439D}.Release|Mixed Platforms.Build.0 = Release|Any CPU
		{6E5D9657-A3F0-4BCA-8D48-3F089E82439D}.Release|x86.ActiveCfg = Release|Any CPU
		{41ED97B6-DDCF-4AA6-BA60-8F23A5661C49}.AMS.Automotriz|.NET.ActiveCfg = Release|Any CPU
		{41ED97B6-DDCF-4AA6-BA60-8F23A5661C49}.AMS.Automotriz|Any CPU.ActiveCfg = Release|Any CPU
		{41ED97B6-DDCF-4AA6-BA60-8F23A5661C49}.AMS.Automotriz|Any CPU.Build.0 = Release|Any CPU
		{41ED97B6-DDCF-4AA6-BA60-8F23A5661C49}.AMS.Automotriz|Mixed Platforms.ActiveCfg = Release|Any CPU
		{41ED97B6-DDCF-4AA6-BA60-8F23A5661C49}.AMS.Automotriz|Mixed Platforms.Build.0 = Release|Any CPU
		{41ED97B6-DDCF-4AA6-BA60-8F23A5661C49}.AMS.Automotriz|x86.ActiveCfg = Release|Any CPU
		{41ED97B6-DDCF-4AA6-BA60-8F23A5661C49}.Debug|.NET.ActiveCfg = Debug|Any CPU
		{41ED97B6-DDCF-4AA6-BA60-8F23A5661C49}.Debug|Any CPU.ActiveCfg = Debug|Any CPU
		{41ED97B6-DDCF-4AA6-BA60-8F23A5661C49}.Debug|Any CPU.Build.0 = Debug|Any CPU
		{41ED97B6-DDCF-4AA6-BA60-8F23A5661C49}.Debug|Mixed Platforms.ActiveCfg = Debug|Any CPU
		{41ED97B6-DDCF-4AA6-BA60-8F23A5661C49}.Debug|Mixed Platforms.Build.0 = Debug|Any CPU
		{41ED97B6-DDCF-4AA6-BA60-8F23A5661C49}.Debug|x86.ActiveCfg = Debug|Any CPU
		{41ED97B6-DDCF-4AA6-BA60-8F23A5661C49}.Release|.NET.ActiveCfg = Release|Any CPU
		{41ED97B6-DDCF-4AA6-BA60-8F23A5661C49}.Release|Any CPU.ActiveCfg = Release|Any CPU
		{41ED97B6-DDCF-4AA6-BA60-8F23A5661C49}.Release|Any CPU.Build.0 = Release|Any CPU
		{41ED97B6-DDCF-4AA6-BA60-8F23A5661C49}.Release|Mixed Platforms.ActiveCfg = Release|Any CPU
		{41ED97B6-DDCF-4AA6-BA60-8F23A5661C49}.Release|Mixed Platforms.Build.0 = Release|Any CPU
		{41ED97B6-DDCF-4AA6-BA60-8F23A5661C49}.Release|x86.ActiveCfg = Release|Any CPU
		{BAE52CE2-EF3D-4B65-9F5A-9DA33502F99C}.AMS.Automotriz|.NET.ActiveCfg = AMS.Automotriz|Any CPU
		{BAE52CE2-EF3D-4B65-9F5A-9DA33502F99C}.AMS.Automotriz|Any CPU.ActiveCfg = AMS.Automotriz|Any CPU
		{BAE52CE2-EF3D-4B65-9F5A-9DA33502F99C}.AMS.Automotriz|Any CPU.Build.0 = AMS.Automotriz|Any CPU
		{BAE52CE2-EF3D-4B65-9F5A-9DA33502F99C}.AMS.Automotriz|Mixed Platforms.ActiveCfg = AMS.Automotriz|Any CPU
		{BAE52CE2-EF3D-4B65-9F5A-9DA33502F99C}.AMS.Automotriz|Mixed Platforms.Build.0 = AMS.Automotriz|Any CPU
		{BAE52CE2-EF3D-4B65-9F5A-9DA33502F99C}.AMS.Automotriz|x86.ActiveCfg = AMS.Automotriz|Any CPU
		{BAE52CE2-EF3D-4B65-9F5A-9DA33502F99C}.Debug|.NET.ActiveCfg = Debug|Any CPU
		{BAE52CE2-EF3D-4B65-9F5A-9DA33502F99C}.Debug|Any CPU.ActiveCfg = Debug|Any CPU
		{BAE52CE2-EF3D-4B65-9F5A-9DA33502F99C}.Debug|Any CPU.Build.0 = Debug|Any CPU
		{BAE52CE2-EF3D-4B65-9F5A-9DA33502F99C}.Debug|Mixed Platforms.ActiveCfg = Debug|Any CPU
		{BAE52CE2-EF3D-4B65-9F5A-9DA33502F99C}.Debug|Mixed Platforms.Build.0 = Debug|Any CPU
		{BAE52CE2-EF3D-4B65-9F5A-9DA33502F99C}.Debug|x86.ActiveCfg = Debug|Any CPU
		{BAE52CE2-EF3D-4B65-9F5A-9DA33502F99C}.Release|.NET.ActiveCfg = Release|Any CPU
		{BAE52CE2-EF3D-4B65-9F5A-9DA33502F99C}.Release|Any CPU.ActiveCfg = Release|Any CPU
		{BAE52CE2-EF3D-4B65-9F5A-9DA33502F99C}.Release|Any CPU.Build.0 = Release|Any CPU
		{BAE52CE2-EF3D-4B65-9F5A-9DA33502F99C}.Release|Mixed Platforms.ActiveCfg = Release|Any CPU
		{BAE52CE2-EF3D-4B65-9F5A-9DA33502F99C}.Release|Mixed Platforms.Build.0 = Release|Any CPU
		{BAE52CE2-EF3D-4B65-9F5A-9DA33502F99C}.Release|x86.ActiveCfg = Release|Any CPU
		{19E0F760-DDDE-442F-974D-1D179784AD49}.AMS.Automotriz|.NET.ActiveCfg = Release|Any CPU
		{19E0F760-DDDE-442F-974D-1D179784AD49}.AMS.Automotriz|Any CPU.ActiveCfg = Release|Any CPU
		{19E0F760-DDDE-442F-974D-1D179784AD49}.AMS.Automotriz|Any CPU.Build.0 = Release|Any CPU
		{19E0F760-DDDE-442F-974D-1D179784AD49}.AMS.Automotriz|Mixed Platforms.ActiveCfg = Release|Any CPU
		{19E0F760-DDDE-442F-974D-1D179784AD49}.AMS.Automotriz|Mixed Platforms.Build.0 = Release|Any CPU
		{19E0F760-DDDE-442F-974D-1D179784AD49}.AMS.Automotriz|x86.ActiveCfg = Release|Any CPU
		{19E0F760-DDDE-442F-974D-1D179784AD49}.Debug|.NET.ActiveCfg = Debug|Any CPU
		{19E0F760-DDDE-442F-974D-1D179784AD49}.Debug|Any CPU.ActiveCfg = Debug|Any CPU
		{19E0F760-DDDE-442F-974D-1D179784AD49}.Debug|Any CPU.Build.0 = Debug|Any CPU
		{19E0F760-DDDE-442F-974D-1D179784AD49}.Debug|Mixed Platforms.ActiveCfg = Debug|Any CPU
		{19E0F760-DDDE-442F-974D-1D179784AD49}.Debug|Mixed Platforms.Build.0 = Debug|Any CPU
		{19E0F760-DDDE-442F-974D-1D179784AD49}.Debug|x86.ActiveCfg = Debug|Any CPU
		{19E0F760-DDDE-442F-974D-1D179784AD49}.Release|.NET.ActiveCfg = Release|Any CPU
		{19E0F760-DDDE-442F-974D-1D179784AD49}.Release|Any CPU.ActiveCfg = Release|Any CPU
		{19E0F760-DDDE-442F-974D-1D179784AD49}.Release|Any CPU.Build.0 = Release|Any CPU
		{19E0F760-DDDE-442F-974D-1D179784AD49}.Release|Mixed Platforms.ActiveCfg = Release|Any CPU
		{19E0F760-DDDE-442F-974D-1D179784AD49}.Release|Mixed Platforms.Build.0 = Release|Any CPU
		{19E0F760-DDDE-442F-974D-1D179784AD49}.Release|x86.ActiveCfg = Release|Any CPU
		{137D79F7-AA92-4A71-A6F4-FE44FFEB715B}.AMS.Automotriz|.NET.ActiveCfg = AMS.Automotriz|Any CPU
		{137D79F7-AA92-4A71-A6F4-FE44FFEB715B}.AMS.Automotriz|Any CPU.ActiveCfg = AMS.Automotriz|Any CPU
		{137D79F7-AA92-4A71-A6F4-FE44FFEB715B}.AMS.Automotriz|Any CPU.Build.0 = AMS.Automotriz|Any CPU
		{137D79F7-AA92-4A71-A6F4-FE44FFEB715B}.AMS.Automotriz|Mixed Platforms.ActiveCfg = AMS.Automotriz|Any CPU
		{137D79F7-AA92-4A71-A6F4-FE44FFEB715B}.AMS.Automotriz|Mixed Platforms.Build.0 = AMS.Automotriz|Any CPU
		{137D79F7-AA92-4A71-A6F4-FE44FFEB715B}.AMS.Automotriz|x86.ActiveCfg = AMS.Automotriz|Any CPU
		{137D79F7-AA92-4A71-A6F4-FE44FFEB715B}.Debug|.NET.ActiveCfg = Debug|Any CPU
		{137D79F7-AA92-4A71-A6F4-FE44FFEB715B}.Debug|Any CPU.ActiveCfg = Debug|Any CPU
		{137D79F7-AA92-4A71-A6F4-FE44FFEB715B}.Debug|Any CPU.Build.0 = Debug|Any CPU
		{137D79F7-AA92-4A71-A6F4-FE44FFEB715B}.Debug|Mixed Platforms.ActiveCfg = Debug|Any CPU
		{137D79F7-AA92-4A71-A6F4-FE44FFEB715B}.Debug|Mixed Platforms.Build.0 = Debug|Any CPU
		{137D79F7-AA92-4A71-A6F4-FE44FFEB715B}.Debug|x86.ActiveCfg = Debug|Any CPU
		{137D79F7-AA92-4A71-A6F4-FE44FFEB715B}.Release|.NET.ActiveCfg = Release|Any CPU
		{137D79F7-AA92-4A71-A6F4-FE44FFEB715B}.Release|Any CPU.ActiveCfg = Release|Any CPU
		{137D79F7-AA92-4A71-A6F4-FE44FFEB715B}.Release|Any CPU.Build.0 = Release|Any CPU
		{137D79F7-AA92-4A71-A6F4-FE44FFEB715B}.Release|Mixed Platforms.ActiveCfg = Release|Any CPU
		{137D79F7-AA92-4A71-A6F4-FE44FFEB715B}.Release|Mixed Platforms.Build.0 = Release|Any CPU
		{137D79F7-AA92-4A71-A6F4-FE44FFEB715B}.Release|x86.ActiveCfg = Release|Any CPU
		{19EF3FAA-C588-4E81-813B-6F3C723B222B}.AMS.Automotriz|.NET.ActiveCfg = Release|Any CPU
		{19EF3FAA-C588-4E81-813B-6F3C723B222B}.AMS.Automotriz|Any CPU.ActiveCfg = Release|Any CPU
		{19EF3FAA-C588-4E81-813B-6F3C723B222B}.AMS.Automotriz|Any CPU.Build.0 = Release|Any CPU
		{19EF3FAA-C588-4E81-813B-6F3C723B222B}.AMS.Automotriz|Mixed Platforms.ActiveCfg = Release|Any CPU
		{19EF3FAA-C588-4E81-813B-6F3C723B222B}.AMS.Automotriz|Mixed Platforms.Build.0 = Release|Any CPU
		{19EF3FAA-C588-4E81-813B-6F3C723B222B}.AMS.Automotriz|x86.ActiveCfg = Release|Any CPU
		{19EF3FAA-C588-4E81-813B-6F3C723B222B}.Debug|.NET.ActiveCfg = Debug|Any CPU
		{19EF3FAA-C588-4E81-813B-6F3C723B222B}.Debug|Any CPU.ActiveCfg = Debug|Any CPU
		{19EF3FAA-C588-4E81-813B-6F3C723B222B}.Debug|Any CPU.Build.0 = Debug|Any CPU
		{19EF3FAA-C588-4E81-813B-6F3C723B222B}.Debug|Mixed Platforms.ActiveCfg = Debug|Any CPU
		{19EF3FAA-C588-4E81-813B-6F3C723B222B}.Debug|Mixed Platforms.Build.0 = Debug|Any CPU
		{19EF3FAA-C588-4E81-813B-6F3C723B222B}.Debug|x86.ActiveCfg = Debug|Any CPU
		{19EF3FAA-C588-4E81-813B-6F3C723B222B}.Release|.NET.ActiveCfg = Release|Any CPU
		{19EF3FAA-C588-4E81-813B-6F3C723B222B}.Release|Any CPU.ActiveCfg = Release|Any CPU
		{19EF3FAA-C588-4E81-813B-6F3C723B222B}.Release|Any CPU.Build.0 = Release|Any CPU
		{19EF3FAA-C588-4E81-813B-6F3C723B222B}.Release|Mixed Platforms.ActiveCfg = Release|Any CPU
		{19EF3FAA-C588-4E81-813B-6F3C723B222B}.Release|Mixed Platforms.Build.0 = Release|Any CPU
		{19EF3FAA-C588-4E81-813B-6F3C723B222B}.Release|x86.ActiveCfg = Release|Any CPU
		{E6B41552-75D6-43C0-BC87-98F3C516AD3F}.AMS.Automotriz|.NET.ActiveCfg = Release|Any CPU
		{E6B41552-75D6-43C0-BC87-98F3C516AD3F}.AMS.Automotriz|Any CPU.ActiveCfg = Release|Any CPU
		{E6B41552-75D6-43C0-BC87-98F3C516AD3F}.AMS.Automotriz|Any CPU.Build.0 = Release|Any CPU
		{E6B41552-75D6-43C0-BC87-98F3C516AD3F}.AMS.Automotriz|Mixed Platforms.ActiveCfg = Release|Any CPU
		{E6B41552-75D6-43C0-BC87-98F3C516AD3F}.AMS.Automotriz|Mixed Platforms.Build.0 = Release|Any CPU
		{E6B41552-75D6-43C0-BC87-98F3C516AD3F}.AMS.Automotriz|x86.ActiveCfg = Release|Any CPU
		{E6B41552-75D6-43C0-BC87-98F3C516AD3F}.Debug|.NET.ActiveCfg = Debug|Any CPU
		{E6B41552-75D6-43C0-BC87-98F3C516AD3F}.Debug|Any CPU.ActiveCfg = Debug|Any CPU
		{E6B41552-75D6-43C0-BC87-98F3C516AD3F}.Debug|Any CPU.Build.0 = Debug|Any CPU
		{E6B41552-75D6-43C0-BC87-98F3C516AD3F}.Debug|Mixed Platforms.ActiveCfg = Debug|Any CPU
		{E6B41552-75D6-43C0-BC87-98F3C516AD3F}.Debug|Mixed Platforms.Build.0 = Debug|Any CPU
		{E6B41552-75D6-43C0-BC87-98F3C516AD3F}.Debug|x86.ActiveCfg = Debug|Any CPU
		{E6B41552-75D6-43C0-BC87-98F3C516AD3F}.Release|.NET.ActiveCfg = Release|Any CPU
		{E6B41552-75D6-43C0-BC87-98F3C516AD3F}.Release|Any CPU.ActiveCfg = Release|Any CPU
		{E6B41552-75D6-43C0-BC87-98F3C516AD3F}.Release|Any CPU.Build.0 = Release|Any CPU
		{E6B41552-75D6-43C0-BC87-98F3C516AD3F}.Release|Mixed Platforms.ActiveCfg = Release|Any CPU
		{E6B41552-75D6-43C0-BC87-98F3C516AD3F}.Release|Mixed Platforms.Build.0 = Release|Any CPU
		{E6B41552-75D6-43C0-BC87-98F3C516AD3F}.Release|x86.ActiveCfg = Release|Any CPU
		{29B6EF1A-618B-4881-8978-BE8C042CF2E9}.AMS.Automotriz|.NET.ActiveCfg = Release|Any CPU
		{29B6EF1A-618B-4881-8978-BE8C042CF2E9}.AMS.Automotriz|Any CPU.ActiveCfg = Release|Any CPU
		{29B6EF1A-618B-4881-8978-BE8C042CF2E9}.AMS.Automotriz|Any CPU.Build.0 = Release|Any CPU
		{29B6EF1A-618B-4881-8978-BE8C042CF2E9}.AMS.Automotriz|Mixed Platforms.ActiveCfg = Release|Any CPU
		{29B6EF1A-618B-4881-8978-BE8C042CF2E9}.AMS.Automotriz|Mixed Platforms.Build.0 = Release|Any CPU
		{29B6EF1A-618B-4881-8978-BE8C042CF2E9}.AMS.Automotriz|x86.ActiveCfg = Release|Any CPU
		{29B6EF1A-618B-4881-8978-BE8C042CF2E9}.Debug|.NET.ActiveCfg = Debug|Any CPU
		{29B6EF1A-618B-4881-8978-BE8C042CF2E9}.Debug|Any CPU.ActiveCfg = Debug|Any CPU
		{29B6EF1A-618B-4881-8978-BE8C042CF2E9}.Debug|Any CPU.Build.0 = Debug|Any CPU
		{29B6EF1A-618B-4881-8978-BE8C042CF2E9}.Debug|Mixed Platforms.ActiveCfg = Debug|Any CPU
		{29B6EF1A-618B-4881-8978-BE8C042CF2E9}.Debug|Mixed Platforms.Build.0 = Debug|Any CPU
		{29B6EF1A-618B-4881-8978-BE8C042CF2E9}.Debug|x86.ActiveCfg = Debug|Any CPU
		{29B6EF1A-618B-4881-8978-BE8C042CF2E9}.Release|.NET.ActiveCfg = Release|Any CPU
		{29B6EF1A-618B-4881-8978-BE8C042CF2E9}.Release|Any CPU.ActiveCfg = Release|Any CPU
		{29B6EF1A-618B-4881-8978-BE8C042CF2E9}.Release|Any CPU.Build.0 = Release|Any CPU
		{29B6EF1A-618B-4881-8978-BE8C042CF2E9}.Release|Mixed Platforms.ActiveCfg = Release|Any CPU
		{29B6EF1A-618B-4881-8978-BE8C042CF2E9}.Release|Mixed Platforms.Build.0 = Release|Any CPU
		{29B6EF1A-618B-4881-8978-BE8C042CF2E9}.Release|x86.ActiveCfg = Release|Any CPU
		{000D52F5-9028-4138-AB13-7AC5721613A6}.AMS.Automotriz|.NET.ActiveCfg = Release|Any CPU
		{000D52F5-9028-4138-AB13-7AC5721613A6}.AMS.Automotriz|Any CPU.ActiveCfg = Release|Any CPU
		{000D52F5-9028-4138-AB13-7AC5721613A6}.AMS.Automotriz|Any CPU.Build.0 = Release|Any CPU
		{000D52F5-9028-4138-AB13-7AC5721613A6}.AMS.Automotriz|Mixed Platforms.ActiveCfg = Release|Any CPU
		{000D52F5-9028-4138-AB13-7AC5721613A6}.AMS.Automotriz|Mixed Platforms.Build.0 = Release|Any CPU
		{000D52F5-9028-4138-AB13-7AC5721613A6}.AMS.Automotriz|x86.ActiveCfg = Release|Any CPU
		{000D52F5-9028-4138-AB13-7AC5721613A6}.Debug|.NET.ActiveCfg = Debug|Any CPU
		{000D52F5-9028-4138-AB13-7AC5721613A6}.Debug|Any CPU.ActiveCfg = Debug|Any CPU
		{000D52F5-9028-4138-AB13-7AC5721613A6}.Debug|Any CPU.Build.0 = Debug|Any CPU
		{000D52F5-9028-4138-AB13-7AC5721613A6}.Debug|Mixed Platforms.ActiveCfg = Debug|Any CPU
		{000D52F5-9028-4138-AB13-7AC5721613A6}.Debug|Mixed Platforms.Build.0 = Debug|Any CPU
		{000D52F5-9028-4138-AB13-7AC5721613A6}.Debug|x86.ActiveCfg = Debug|Any CPU
		{000D52F5-9028-4138-AB13-7AC5721613A6}.Release|.NET.ActiveCfg = Release|Any CPU
		{000D52F5-9028-4138-AB13-7AC5721613A6}.Release|Any CPU.ActiveCfg = Release|Any CPU
		{000D52F5-9028-4138-AB13-7AC5721613A6}.Release|Any CPU.Build.0 = Release|Any CPU
		{000D52F5-9028-4138-AB13-7AC5721613A6}.Release|Mixed Platforms.ActiveCfg = Release|Any CPU
		{000D52F5-9028-4138-AB13-7AC5721613A6}.Release|Mixed Platforms.Build.0 = Release|Any CPU
		{000D52F5-9028-4138-AB13-7AC5721613A6}.Release|x86.ActiveCfg = Release|Any CPU
		{4E9173A3-45B7-4B17-846D-8D790517DDF5}.AMS.Automotriz|.NET.ActiveCfg = AMS.Automotriz|Any CPU
		{4E9173A3-45B7-4B17-846D-8D790517DDF5}.AMS.Automotriz|Any CPU.ActiveCfg = AMS.Automotriz|Any CPU
		{4E9173A3-45B7-4B17-846D-8D790517DDF5}.AMS.Automotriz|Any CPU.Build.0 = AMS.Automotriz|Any CPU
		{4E9173A3-45B7-4B17-846D-8D790517DDF5}.AMS.Automotriz|Mixed Platforms.ActiveCfg = AMS.Automotriz|Any CPU
		{4E9173A3-45B7-4B17-846D-8D790517DDF5}.AMS.Automotriz|Mixed Platforms.Build.0 = AMS.Automotriz|Any CPU
		{4E9173A3-45B7-4B17-846D-8D790517DDF5}.AMS.Automotriz|x86.ActiveCfg = AMS.Automotriz|Any CPU
		{4E9173A3-45B7-4B17-846D-8D790517DDF5}.Debug|.NET.ActiveCfg = Debug|Any CPU
		{4E9173A3-45B7-4B17-846D-8D790517DDF5}.Debug|Any CPU.ActiveCfg = Debug|Any CPU
		{4E9173A3-45B7-4B17-846D-8D790517DDF5}.Debug|Any CPU.Build.0 = Debug|Any CPU
		{4E9173A3-45B7-4B17-846D-8D790517DDF5}.Debug|Mixed Platforms.ActiveCfg = Debug|Any CPU
		{4E9173A3-45B7-4B17-846D-8D790517DDF5}.Debug|Mixed Platforms.Build.0 = Debug|Any CPU
		{4E9173A3-45B7-4B17-846D-8D790517DDF5}.Debug|x86.ActiveCfg = Debug|Any CPU
		{4E9173A3-45B7-4B17-846D-8D790517DDF5}.Release|.NET.ActiveCfg = Release|Any CPU
		{4E9173A3-45B7-4B17-846D-8D790517DDF5}.Release|Any CPU.ActiveCfg = Release|Any CPU
		{4E9173A3-45B7-4B17-846D-8D790517DDF5}.Release|Any CPU.Build.0 = Release|Any CPU
		{4E9173A3-45B7-4B17-846D-8D790517DDF5}.Release|Mixed Platforms.ActiveCfg = Release|Any CPU
		{4E9173A3-45B7-4B17-846D-8D790517DDF5}.Release|Mixed Platforms.Build.0 = Release|Any CPU
		{4E9173A3-45B7-4B17-846D-8D790517DDF5}.Release|x86.ActiveCfg = Release|Any CPU
		{9540FC62-DEDD-422D-826C-0C72F77E255D}.AMS.Automotriz|.NET.ActiveCfg = Release|Any CPU
		{9540FC62-DEDD-422D-826C-0C72F77E255D}.AMS.Automotriz|Any CPU.ActiveCfg = Release|Any CPU
		{9540FC62-DEDD-422D-826C-0C72F77E255D}.AMS.Automotriz|Any CPU.Build.0 = Release|Any CPU
		{9540FC62-DEDD-422D-826C-0C72F77E255D}.AMS.Automotriz|Mixed Platforms.ActiveCfg = Release|Any CPU
		{9540FC62-DEDD-422D-826C-0C72F77E255D}.AMS.Automotriz|Mixed Platforms.Build.0 = Release|Any CPU
		{9540FC62-DEDD-422D-826C-0C72F77E255D}.AMS.Automotriz|x86.ActiveCfg = Release|Any CPU
		{9540FC62-DEDD-422D-826C-0C72F77E255D}.Debug|.NET.ActiveCfg = Debug|Any CPU
		{9540FC62-DEDD-422D-826C-0C72F77E255D}.Debug|Any CPU.ActiveCfg = Debug|Any CPU
		{9540FC62-DEDD-422D-826C-0C72F77E255D}.Debug|Any CPU.Build.0 = Debug|Any CPU
		{9540FC62-DEDD-422D-826C-0C72F77E255D}.Debug|Mixed Platforms.ActiveCfg = Debug|Any CPU
		{9540FC62-DEDD-422D-826C-0C72F77E255D}.Debug|Mixed Platforms.Build.0 = Debug|Any CPU
		{9540FC62-DEDD-422D-826C-0C72F77E255D}.Debug|x86.ActiveCfg = Debug|Any CPU
		{9540FC62-DEDD-422D-826C-0C72F77E255D}.Release|.NET.ActiveCfg = Release|Any CPU
		{9540FC62-DEDD-422D-826C-0C72F77E255D}.Release|Any CPU.ActiveCfg = Release|Any CPU
		{9540FC62-DEDD-422D-826C-0C72F77E255D}.Release|Any CPU.Build.0 = Release|Any CPU
		{9540FC62-DEDD-422D-826C-0C72F77E255D}.Release|Mixed Platforms.ActiveCfg = Release|Any CPU
		{9540FC62-DEDD-422D-826C-0C72F77E255D}.Release|Mixed Platforms.Build.0 = Release|Any CPU
		{9540FC62-DEDD-422D-826C-0C72F77E255D}.Release|x86.ActiveCfg = Release|Any CPU
		{D36FAE85-B5CB-459C-829D-24FE74291F8B}.AMS.Automotriz|.NET.ActiveCfg = Release|Any CPU
		{D36FAE85-B5CB-459C-829D-24FE74291F8B}.AMS.Automotriz|Any CPU.ActiveCfg = Release|Any CPU
		{D36FAE85-B5CB-459C-829D-24FE74291F8B}.AMS.Automotriz|Any CPU.Build.0 = Release|Any CPU
		{D36FAE85-B5CB-459C-829D-24FE74291F8B}.AMS.Automotriz|Mixed Platforms.ActiveCfg = Release|Any CPU
		{D36FAE85-B5CB-459C-829D-24FE74291F8B}.AMS.Automotriz|Mixed Platforms.Build.0 = Release|Any CPU
		{D36FAE85-B5CB-459C-829D-24FE74291F8B}.AMS.Automotriz|x86.ActiveCfg = Release|Any CPU
		{D36FAE85-B5CB-459C-829D-24FE74291F8B}.Debug|.NET.ActiveCfg = Debug|Any CPU
		{D36FAE85-B5CB-459C-829D-24FE74291F8B}.Debug|Any CPU.ActiveCfg = Debug|Any CPU
		{D36FAE85-B5CB-459C-829D-24FE74291F8B}.Debug|Any CPU.Build.0 = Debug|Any CPU
		{D36FAE85-B5CB-459C-829D-24FE74291F8B}.Debug|Mixed Platforms.ActiveCfg = Debug|Any CPU
		{D36FAE85-B5CB-459C-829D-24FE74291F8B}.Debug|Mixed Platforms.Build.0 = Debug|Any CPU
		{D36FAE85-B5CB-459C-829D-24FE74291F8B}.Debug|x86.ActiveCfg = Debug|Any CPU
		{D36FAE85-B5CB-459C-829D-24FE74291F8B}.Release|.NET.ActiveCfg = Release|Any CPU
		{D36FAE85-B5CB-459C-829D-24FE74291F8B}.Release|Any CPU.ActiveCfg = Release|Any CPU
		{D36FAE85-B5CB-459C-829D-24FE74291F8B}.Release|Any CPU.Build.0 = Release|Any CPU
		{D36FAE85-B5CB-459C-829D-24FE74291F8B}.Release|Mixed Platforms.ActiveCfg = Release|Any CPU
		{D36FAE85-B5CB-459C-829D-24FE74291F8B}.Release|Mixed Platforms.Build.0 = Release|Any CPU
		{D36FAE85-B5CB-459C-829D-24FE74291F8B}.Release|x86.ActiveCfg = Release|Any CPU
		{A7D34068-42C5-45DE-927C-2870C7399F44}.AMS.Automotriz|.NET.ActiveCfg = Release|Any CPU
		{A7D34068-42C5-45DE-927C-2870C7399F44}.AMS.Automotriz|Any CPU.ActiveCfg = Release|Any CPU
		{A7D34068-42C5-45DE-927C-2870C7399F44}.AMS.Automotriz|Any CPU.Build.0 = Release|Any CPU
		{A7D34068-42C5-45DE-927C-2870C7399F44}.AMS.Automotriz|Mixed Platforms.ActiveCfg = Release|Any CPU
		{A7D34068-42C5-45DE-927C-2870C7399F44}.AMS.Automotriz|Mixed Platforms.Build.0 = Release|Any CPU
		{A7D34068-42C5-45DE-927C-2870C7399F44}.AMS.Automotriz|x86.ActiveCfg = Release|Any CPU
		{A7D34068-42C5-45DE-927C-2870C7399F44}.Debug|.NET.ActiveCfg = Debug|Any CPU
		{A7D34068-42C5-45DE-927C-2870C7399F44}.Debug|Any CPU.ActiveCfg = Debug|Any CPU
		{A7D34068-42C5-45DE-927C-2870C7399F44}.Debug|Any CPU.Build.0 = Debug|Any CPU
		{A7D34068-42C5-45DE-927C-2870C7399F44}.Debug|Mixed Platforms.ActiveCfg = Debug|Any CPU
		{A7D34068-42C5-45DE-927C-2870C7399F44}.Debug|Mixed Platforms.Build.0 = Debug|Any CPU
		{A7D34068-42C5-45DE-927C-2870C7399F44}.Debug|x86.ActiveCfg = Debug|Any CPU
		{A7D34068-42C5-45DE-927C-2870C7399F44}.Release|.NET.ActiveCfg = Release|Any CPU
		{A7D34068-42C5-45DE-927C-2870C7399F44}.Release|Any CPU.ActiveCfg = Release|Any CPU
		{A7D34068-42C5-45DE-927C-2870C7399F44}.Release|Any CPU.Build.0 = Release|Any CPU
		{A7D34068-42C5-45DE-927C-2870C7399F44}.Release|Mixed Platforms.ActiveCfg = Release|Any CPU
		{A7D34068-42C5-45DE-927C-2870C7399F44}.Release|Mixed Platforms.Build.0 = Release|Any CPU
		{A7D34068-42C5-45DE-927C-2870C7399F44}.Release|x86.ActiveCfg = Release|Any CPU
		{F8976D54-8AE0-4A6C-91D5-60671FE19B09}.AMS.Automotriz|.NET.ActiveCfg = Release|Any CPU
		{F8976D54-8AE0-4A6C-91D5-60671FE19B09}.AMS.Automotriz|Any CPU.ActiveCfg = Release|Any CPU
		{F8976D54-8AE0-4A6C-91D5-60671FE19B09}.AMS.Automotriz|Any CPU.Build.0 = Release|Any CPU
		{F8976D54-8AE0-4A6C-91D5-60671FE19B09}.AMS.Automotriz|Mixed Platforms.ActiveCfg = Release|Any CPU
		{F8976D54-8AE0-4A6C-91D5-60671FE19B09}.AMS.Automotriz|Mixed Platforms.Build.0 = Release|Any CPU
		{F8976D54-8AE0-4A6C-91D5-60671FE19B09}.AMS.Automotriz|x86.ActiveCfg = Release|Any CPU
		{F8976D54-8AE0-4A6C-91D5-60671FE19B09}.Debug|.NET.ActiveCfg = Debug|Any CPU
		{F8976D54-8AE0-4A6C-91D5-60671FE19B09}.Debug|Any CPU.ActiveCfg = Debug|Any CPU
		{F8976D54-8AE0-4A6C-91D5-60671FE19B09}.Debug|Any CPU.Build.0 = Debug|Any CPU
		{F8976D54-8AE0-4A6C-91D5-60671FE19B09}.Debug|Mixed Platforms.ActiveCfg = Debug|Any CPU
		{F8976D54-8AE0-4A6C-91D5-60671FE19B09}.Debug|Mixed Platforms.Build.0 = Debug|Any CPU
		{F8976D54-8AE0-4A6C-91D5-60671FE19B09}.Debug|x86.ActiveCfg = Debug|Any CPU
		{F8976D54-8AE0-4A6C-91D5-60671FE19B09}.Release|.NET.ActiveCfg = Release|Any CPU
		{F8976D54-8AE0-4A6C-91D5-60671FE19B09}.Release|Any CPU.ActiveCfg = Release|Any CPU
		{F8976D54-8AE0-4A6C-91D5-60671FE19B09}.Release|Any CPU.Build.0 = Release|Any CPU
		{F8976D54-8AE0-4A6C-91D5-60671FE19B09}.Release|Mixed Platforms.ActiveCfg = Release|Any CPU
		{F8976D54-8AE0-4A6C-91D5-60671FE19B09}.Release|Mixed Platforms.Build.0 = Release|Any CPU
		{F8976D54-8AE0-4A6C-91D5-60671FE19B09}.Release|x86.ActiveCfg = Release|Any CPU
		{94F184F4-565B-4E86-B404-53D4EC0C2CFD}.AMS.Automotriz|.NET.ActiveCfg = Release|Any CPU
		{94F184F4-565B-4E86-B404-53D4EC0C2CFD}.AMS.Automotriz|Any CPU.ActiveCfg = Release|Any CPU
		{94F184F4-565B-4E86-B404-53D4EC0C2CFD}.AMS.Automotriz|Any CPU.Build.0 = Release|Any CPU
		{94F184F4-565B-4E86-B404-53D4EC0C2CFD}.AMS.Automotriz|Mixed Platforms.ActiveCfg = Release|Any CPU
		{94F184F4-565B-4E86-B404-53D4EC0C2CFD}.AMS.Automotriz|Mixed Platforms.Build.0 = Release|Any CPU
		{94F184F4-565B-4E86-B404-53D4EC0C2CFD}.AMS.Automotriz|x86.ActiveCfg = Release|Any CPU
		{94F184F4-565B-4E86-B404-53D4EC0C2CFD}.Debug|.NET.ActiveCfg = Debug|Any CPU
		{94F184F4-565B-4E86-B404-53D4EC0C2CFD}.Debug|Any CPU.ActiveCfg = Debug|Any CPU
		{94F184F4-565B-4E86-B404-53D4EC0C2CFD}.Debug|Any CPU.Build.0 = Debug|Any CPU
		{94F184F4-565B-4E86-B404-53D4EC0C2CFD}.Debug|Mixed Platforms.ActiveCfg = Debug|Any CPU
		{94F184F4-565B-4E86-B404-53D4EC0C2CFD}.Debug|Mixed Platforms.Build.0 = Debug|Any CPU
		{94F184F4-565B-4E86-B404-53D4EC0C2CFD}.Debug|x86.ActiveCfg = Debug|Any CPU
		{94F184F4-565B-4E86-B404-53D4EC0C2CFD}.Release|.NET.ActiveCfg = Release|Any CPU
		{94F184F4-565B-4E86-B404-53D4EC0C2CFD}.Release|Any CPU.ActiveCfg = Release|Any CPU
		{94F184F4-565B-4E86-B404-53D4EC0C2CFD}.Release|Any CPU.Build.0 = Release|Any CPU
		{94F184F4-565B-4E86-B404-53D4EC0C2CFD}.Release|Mixed Platforms.ActiveCfg = Release|Any CPU
		{94F184F4-565B-4E86-B404-53D4EC0C2CFD}.Release|Mixed Platforms.Build.0 = Release|Any CPU
		{94F184F4-565B-4E86-B404-53D4EC0C2CFD}.Release|x86.ActiveCfg = Release|Any CPU
		{65436F19-0E6C-4580-97F6-B9A20B500C4C}.AMS.Automotriz|.NET.ActiveCfg = Release|Any CPU
		{65436F19-0E6C-4580-97F6-B9A20B500C4C}.AMS.Automotriz|Any CPU.ActiveCfg = Release|Any CPU
		{65436F19-0E6C-4580-97F6-B9A20B500C4C}.AMS.Automotriz|Any CPU.Build.0 = Release|Any CPU
		{65436F19-0E6C-4580-97F6-B9A20B500C4C}.AMS.Automotriz|Mixed Platforms.ActiveCfg = Release|Any CPU
		{65436F19-0E6C-4580-97F6-B9A20B500C4C}.AMS.Automotriz|Mixed Platforms.Build.0 = Release|Any CPU
		{65436F19-0E6C-4580-97F6-B9A20B500C4C}.AMS.Automotriz|x86.ActiveCfg = Release|Any CPU
		{65436F19-0E6C-4580-97F6-B9A20B500C4C}.Debug|.NET.ActiveCfg = Debug|Any CPU
		{65436F19-0E6C-4580-97F6-B9A20B500C4C}.Debug|Any CPU.ActiveCfg = Debug|Any CPU
		{65436F19-0E6C-4580-97F6-B9A20B500C4C}.Debug|Any CPU.Build.0 = Debug|Any CPU
		{65436F19-0E6C-4580-97F6-B9A20B500C4C}.Debug|Mixed Platforms.ActiveCfg = Debug|Any CPU
		{65436F19-0E6C-4580-97F6-B9A20B500C4C}.Debug|Mixed Platforms.Build.0 = Debug|Any CPU
		{65436F19-0E6C-4580-97F6-B9A20B500C4C}.Debug|x86.ActiveCfg = Debug|Any CPU
		{65436F19-0E6C-4580-97F6-B9A20B500C4C}.Release|.NET.ActiveCfg = Release|Any CPU
		{65436F19-0E6C-4580-97F6-B9A20B500C4C}.Release|Any CPU.ActiveCfg = Release|Any CPU
		{65436F19-0E6C-4580-97F6-B9A20B500C4C}.Release|Any CPU.Build.0 = Release|Any CPU
		{65436F19-0E6C-4580-97F6-B9A20B500C4C}.Release|Mixed Platforms.ActiveCfg = Release|Any CPU
		{65436F19-0E6C-4580-97F6-B9A20B500C4C}.Release|Mixed Platforms.Build.0 = Release|Any CPU
		{65436F19-0E6C-4580-97F6-B9A20B500C4C}.Release|x86.ActiveCfg = Release|Any CPU
		{97030739-855C-4ECE-A72B-231624365A8D}.AMS.Automotriz|.NET.ActiveCfg = Release|Any CPU
		{97030739-855C-4ECE-A72B-231624365A8D}.AMS.Automotriz|Any CPU.ActiveCfg = Release|Any CPU
		{97030739-855C-4ECE-A72B-231624365A8D}.AMS.Automotriz|Any CPU.Build.0 = Release|Any CPU
		{97030739-855C-4ECE-A72B-231624365A8D}.AMS.Automotriz|Mixed Platforms.ActiveCfg = Release|Any CPU
		{97030739-855C-4ECE-A72B-231624365A8D}.AMS.Automotriz|Mixed Platforms.Build.0 = Release|Any CPU
		{97030739-855C-4ECE-A72B-231624365A8D}.AMS.Automotriz|x86.ActiveCfg = Release|Any CPU
		{97030739-855C-4ECE-A72B-231624365A8D}.Debug|.NET.ActiveCfg = Debug|Any CPU
		{97030739-855C-4ECE-A72B-231624365A8D}.Debug|Any CPU.ActiveCfg = Debug|Any CPU
		{97030739-855C-4ECE-A72B-231624365A8D}.Debug|Any CPU.Build.0 = Debug|Any CPU
		{97030739-855C-4ECE-A72B-231624365A8D}.Debug|Mixed Platforms.ActiveCfg = Debug|Any CPU
		{97030739-855C-4ECE-A72B-231624365A8D}.Debug|Mixed Platforms.Build.0 = Debug|Any CPU
		{97030739-855C-4ECE-A72B-231624365A8D}.Debug|x86.ActiveCfg = Debug|Any CPU
		{97030739-855C-4ECE-A72B-231624365A8D}.Release|.NET.ActiveCfg = Release|Any CPU
		{97030739-855C-4ECE-A72B-231624365A8D}.Release|Any CPU.ActiveCfg = Release|Any CPU
		{97030739-855C-4ECE-A72B-231624365A8D}.Release|Any CPU.Build.0 = Release|Any CPU
		{97030739-855C-4ECE-A72B-231624365A8D}.Release|Mixed Platforms.ActiveCfg = Release|Any CPU
		{97030739-855C-4ECE-A72B-231624365A8D}.Release|Mixed Platforms.Build.0 = Release|Any CPU
		{97030739-855C-4ECE-A72B-231624365A8D}.Release|x86.ActiveCfg = Release|Any CPU
		{E680F9B3-AE3F-4A97-B6E9-3294983EBA18}.AMS.Automotriz|.NET.ActiveCfg = Release|Any CPU
		{E680F9B3-AE3F-4A97-B6E9-3294983EBA18}.AMS.Automotriz|Any CPU.ActiveCfg = Release|Any CPU
		{E680F9B3-AE3F-4A97-B6E9-3294983EBA18}.AMS.Automotriz|Any CPU.Build.0 = Release|Any CPU
		{E680F9B3-AE3F-4A97-B6E9-3294983EBA18}.AMS.Automotriz|Mixed Platforms.ActiveCfg = Release|Any CPU
		{E680F9B3-AE3F-4A97-B6E9-3294983EBA18}.AMS.Automotriz|Mixed Platforms.Build.0 = Release|Any CPU
		{E680F9B3-AE3F-4A97-B6E9-3294983EBA18}.AMS.Automotriz|x86.ActiveCfg = Release|Any CPU
		{E680F9B3-AE3F-4A97-B6E9-3294983EBA18}.Debug|.NET.ActiveCfg = Debug|Any CPU
		{E680F9B3-AE3F-4A97-B6E9-3294983EBA18}.Debug|Any CPU.ActiveCfg = Debug|Any CPU
		{E680F9B3-AE3F-4A97-B6E9-3294983EBA18}.Debug|Any CPU.Build.0 = Debug|Any CPU
		{E680F9B3-AE3F-4A97-B6E9-3294983EBA18}.Debug|Mixed Platforms.ActiveCfg = Debug|Any CPU
		{E680F9B3-AE3F-4A97-B6E9-3294983EBA18}.Debug|Mixed Platforms.Build.0 = Debug|Any CPU
		{E680F9B3-AE3F-4A97-B6E9-3294983EBA18}.Debug|x86.ActiveCfg = Debug|Any CPU
		{E680F9B3-AE3F-4A97-B6E9-3294983EBA18}.Release|.NET.ActiveCfg = Release|Any CPU
		{E680F9B3-AE3F-4A97-B6E9-3294983EBA18}.Release|Any CPU.ActiveCfg = Release|Any CPU
		{E680F9B3-AE3F-4A97-B6E9-3294983EBA18}.Release|Any CPU.Build.0 = Release|Any CPU
		{E680F9B3-AE3F-4A97-B6E9-3294983EBA18}.Release|Mixed Platforms.ActiveCfg = Release|Any CPU
		{E680F9B3-AE3F-4A97-B6E9-3294983EBA18}.Release|Mixed Platforms.Build.0 = Release|Any CPU
		{E680F9B3-AE3F-4A97-B6E9-3294983EBA18}.Release|x86.ActiveCfg = Release|Any CPU
		{DE43B03B-C820-4DDC-935C-99EA6CDF6280}.AMS.Automotriz|.NET.ActiveCfg = Release|Any CPU
		{DE43B03B-C820-4DDC-935C-99EA6CDF6280}.AMS.Automotriz|Any CPU.ActiveCfg = Release|Any CPU
		{DE43B03B-C820-4DDC-935C-99EA6CDF6280}.AMS.Automotriz|Any CPU.Build.0 = Release|Any CPU
		{DE43B03B-C820-4DDC-935C-99EA6CDF6280}.AMS.Automotriz|Mixed Platforms.ActiveCfg = Release|Any CPU
		{DE43B03B-C820-4DDC-935C-99EA6CDF6280}.AMS.Automotriz|Mixed Platforms.Build.0 = Release|Any CPU
		{DE43B03B-C820-4DDC-935C-99EA6CDF6280}.AMS.Automotriz|x86.ActiveCfg = Release|Any CPU
		{DE43B03B-C820-4DDC-935C-99EA6CDF6280}.Debug|.NET.ActiveCfg = Debug|Any CPU
		{DE43B03B-C820-4DDC-935C-99EA6CDF6280}.Debug|Any CPU.ActiveCfg = Debug|Any CPU
		{DE43B03B-C820-4DDC-935C-99EA6CDF6280}.Debug|Any CPU.Build.0 = Debug|Any CPU
		{DE43B03B-C820-4DDC-935C-99EA6CDF6280}.Debug|Mixed Platforms.ActiveCfg = Debug|Any CPU
		{DE43B03B-C820-4DDC-935C-99EA6CDF6280}.Debug|Mixed Platforms.Build.0 = Debug|Any CPU
		{DE43B03B-C820-4DDC-935C-99EA6CDF6280}.Debug|x86.ActiveCfg = Debug|Any CPU
		{DE43B03B-C820-4DDC-935C-99EA6CDF6280}.Release|.NET.ActiveCfg = Release|Any CPU
		{DE43B03B-C820-4DDC-935C-99EA6CDF6280}.Release|Any CPU.ActiveCfg = Release|Any CPU
		{DE43B03B-C820-4DDC-935C-99EA6CDF6280}.Release|Any CPU.Build.0 = Release|Any CPU
		{DE43B03B-C820-4DDC-935C-99EA6CDF6280}.Release|Mixed Platforms.ActiveCfg = Release|Any CPU
		{DE43B03B-C820-4DDC-935C-99EA6CDF6280}.Release|Mixed Platforms.Build.0 = Release|Any CPU
		{DE43B03B-C820-4DDC-935C-99EA6CDF6280}.Release|x86.ActiveCfg = Release|Any CPU
		{1B84B99B-D392-48C7-A62A-06BDADA22005}.AMS.Automotriz|.NET.ActiveCfg = Release|Any CPU
		{1B84B99B-D392-48C7-A62A-06BDADA22005}.AMS.Automotriz|Any CPU.ActiveCfg = Release|Any CPU
		{1B84B99B-D392-48C7-A62A-06BDADA22005}.AMS.Automotriz|Any CPU.Build.0 = Release|Any CPU
		{1B84B99B-D392-48C7-A62A-06BDADA22005}.AMS.Automotriz|Mixed Platforms.ActiveCfg = Release|Any CPU
		{1B84B99B-D392-48C7-A62A-06BDADA22005}.AMS.Automotriz|Mixed Platforms.Build.0 = Release|Any CPU
		{1B84B99B-D392-48C7-A62A-06BDADA22005}.AMS.Automotriz|x86.ActiveCfg = Release|Any CPU
		{1B84B99B-D392-48C7-A62A-06BDADA22005}.Debug|.NET.ActiveCfg = Debug|Any CPU
		{1B84B99B-D392-48C7-A62A-06BDADA22005}.Debug|Any CPU.ActiveCfg = Debug|Any CPU
		{1B84B99B-D392-48C7-A62A-06BDADA22005}.Debug|Any CPU.Build.0 = Debug|Any CPU
		{1B84B99B-D392-48C7-A62A-06BDADA22005}.Debug|Mixed Platforms.ActiveCfg = Debug|Any CPU
		{1B84B99B-D392-48C7-A62A-06BDADA22005}.Debug|Mixed Platforms.Build.0 = Debug|Any CPU
		{1B84B99B-D392-48C7-A62A-06BDADA22005}.Debug|x86.ActiveCfg = Debug|Any CPU
		{1B84B99B-D392-48C7-A62A-06BDADA22005}.Release|.NET.ActiveCfg = Release|Any CPU
		{1B84B99B-D392-48C7-A62A-06BDADA22005}.Release|Any CPU.ActiveCfg = Release|Any CPU
		{1B84B99B-D392-48C7-A62A-06BDADA22005}.Release|Any CPU.Build.0 = Release|Any CPU
		{1B84B99B-D392-48C7-A62A-06BDADA22005}.Release|Mixed Platforms.ActiveCfg = Release|Any CPU
		{1B84B99B-D392-48C7-A62A-06BDADA22005}.Release|Mixed Platforms.Build.0 = Release|Any CPU
		{1B84B99B-D392-48C7-A62A-06BDADA22005}.Release|x86.ActiveCfg = Release|Any CPU
		{A1E1960D-4170-4F15-B106-768ACB441590}.AMS.Automotriz|.NET.ActiveCfg = Release|Any CPU
		{A1E1960D-4170-4F15-B106-768ACB441590}.AMS.Automotriz|Any CPU.ActiveCfg = Release|Any CPU
		{A1E1960D-4170-4F15-B106-768ACB441590}.AMS.Automotriz|Any CPU.Build.0 = Release|Any CPU
		{A1E1960D-4170-4F15-B106-768ACB441590}.AMS.Automotriz|Mixed Platforms.ActiveCfg = Release|Any CPU
		{A1E1960D-4170-4F15-B106-768ACB441590}.AMS.Automotriz|Mixed Platforms.Build.0 = Release|Any CPU
		{A1E1960D-4170-4F15-B106-768ACB441590}.AMS.Automotriz|x86.ActiveCfg = Release|Any CPU
		{A1E1960D-4170-4F15-B106-768ACB441590}.Debug|.NET.ActiveCfg = Debug|Any CPU
		{A1E1960D-4170-4F15-B106-768ACB441590}.Debug|Any CPU.ActiveCfg = Debug|Any CPU
		{A1E1960D-4170-4F15-B106-768ACB441590}.Debug|Any CPU.Build.0 = Debug|Any CPU
		{A1E1960D-4170-4F15-B106-768ACB441590}.Debug|Mixed Platforms.ActiveCfg = Debug|Any CPU
		{A1E1960D-4170-4F15-B106-768ACB441590}.Debug|Mixed Platforms.Build.0 = Debug|Any CPU
		{A1E1960D-4170-4F15-B106-768ACB441590}.Debug|x86.ActiveCfg = Debug|Any CPU
		{A1E1960D-4170-4F15-B106-768ACB441590}.Release|.NET.ActiveCfg = Release|Any CPU
		{A1E1960D-4170-4F15-B106-768ACB441590}.Release|Any CPU.ActiveCfg = Release|Any CPU
		{A1E1960D-4170-4F15-B106-768ACB441590}.Release|Any CPU.Build.0 = Release|Any CPU
		{A1E1960D-4170-4F15-B106-768ACB441590}.Release|Mixed Platforms.ActiveCfg = Release|Any CPU
		{A1E1960D-4170-4F15-B106-768ACB441590}.Release|Mixed Platforms.Build.0 = Release|Any CPU
		{A1E1960D-4170-4F15-B106-768ACB441590}.Release|x86.ActiveCfg = Release|Any CPU
		{469308D3-CA26-4EE1-A0D6-A3EA8018D5BF}.AMS.Automotriz|.NET.ActiveCfg = Release|Any CPU
		{469308D3-CA26-4EE1-A0D6-A3EA8018D5BF}.AMS.Automotriz|Any CPU.ActiveCfg = Release|Any CPU
		{469308D3-CA26-4EE1-A0D6-A3EA8018D5BF}.AMS.Automotriz|Any CPU.Build.0 = Release|Any CPU
		{469308D3-CA26-4EE1-A0D6-A3EA8018D5BF}.AMS.Automotriz|Mixed Platforms.ActiveCfg = Release|Any CPU
		{469308D3-CA26-4EE1-A0D6-A3EA8018D5BF}.AMS.Automotriz|Mixed Platforms.Build.0 = Release|Any CPU
		{469308D3-CA26-4EE1-A0D6-A3EA8018D5BF}.AMS.Automotriz|x86.ActiveCfg = Release|Any CPU
		{469308D3-CA26-4EE1-A0D6-A3EA8018D5BF}.Debug|.NET.ActiveCfg = Debug|Any CPU
		{469308D3-CA26-4EE1-A0D6-A3EA8018D5BF}.Debug|Any CPU.ActiveCfg = Debug|Any CPU
		{469308D3-CA26-4EE1-A0D6-A3EA8018D5BF}.Debug|Any CPU.Build.0 = Debug|Any CPU
		{469308D3-CA26-4EE1-A0D6-A3EA8018D5BF}.Debug|Mixed Platforms.ActiveCfg = Debug|Any CPU
		{469308D3-CA26-4EE1-A0D6-A3EA8018D5BF}.Debug|Mixed Platforms.Build.0 = Debug|Any CPU
		{469308D3-CA26-4EE1-A0D6-A3EA8018D5BF}.Debug|x86.ActiveCfg = Debug|Any CPU
		{469308D3-CA26-4EE1-A0D6-A3EA8018D5BF}.Release|.NET.ActiveCfg = Release|Any CPU
		{469308D3-CA26-4EE1-A0D6-A3EA8018D5BF}.Release|Any CPU.ActiveCfg = Release|Any CPU
		{469308D3-CA26-4EE1-A0D6-A3EA8018D5BF}.Release|Any CPU.Build.0 = Release|Any CPU
		{469308D3-CA26-4EE1-A0D6-A3EA8018D5BF}.Release|Mixed Platforms.ActiveCfg = Release|Any CPU
		{469308D3-CA26-4EE1-A0D6-A3EA8018D5BF}.Release|Mixed Platforms.Build.0 = Release|Any CPU
		{469308D3-CA26-4EE1-A0D6-A3EA8018D5BF}.Release|x86.ActiveCfg = Release|Any CPU
		{029CA7F3-E7C7-4D25-BD68-DDAB1C17EA64}.AMS.Automotriz|.NET.ActiveCfg = AMS.Automotriz|Any CPU
		{029CA7F3-E7C7-4D25-BD68-DDAB1C17EA64}.AMS.Automotriz|Any CPU.ActiveCfg = AMS.Automotriz|Any CPU
		{029CA7F3-E7C7-4D25-BD68-DDAB1C17EA64}.AMS.Automotriz|Any CPU.Build.0 = AMS.Automotriz|Any CPU
		{029CA7F3-E7C7-4D25-BD68-DDAB1C17EA64}.AMS.Automotriz|Mixed Platforms.ActiveCfg = AMS.Automotriz|Any CPU
		{029CA7F3-E7C7-4D25-BD68-DDAB1C17EA64}.AMS.Automotriz|Mixed Platforms.Build.0 = AMS.Automotriz|Any CPU
		{029CA7F3-E7C7-4D25-BD68-DDAB1C17EA64}.AMS.Automotriz|x86.ActiveCfg = AMS.Automotriz|Any CPU
		{029CA7F3-E7C7-4D25-BD68-DDAB1C17EA64}.Debug|.NET.ActiveCfg = Debug|Any CPU
		{029CA7F3-E7C7-4D25-BD68-DDAB1C17EA64}.Debug|Any CPU.ActiveCfg = Debug|Any CPU
		{029CA7F3-E7C7-4D25-BD68-DDAB1C17EA64}.Debug|Any CPU.Build.0 = Debug|Any CPU
		{029CA7F3-E7C7-4D25-BD68-DDAB1C17EA64}.Debug|Mixed Platforms.ActiveCfg = Debug|Any CPU
		{029CA7F3-E7C7-4D25-BD68-DDAB1C17EA64}.Debug|Mixed Platforms.Build.0 = Debug|Any CPU
		{029CA7F3-E7C7-4D25-BD68-DDAB1C17EA64}.Debug|x86.ActiveCfg = Debug|Any CPU
		{029CA7F3-E7C7-4D25-BD68-DDAB1C17EA64}.Release|.NET.ActiveCfg = Release|Any CPU
		{029CA7F3-E7C7-4D25-BD68-DDAB1C17EA64}.Release|Any CPU.ActiveCfg = Release|Any CPU
		{029CA7F3-E7C7-4D25-BD68-DDAB1C17EA64}.Release|Any CPU.Build.0 = Release|Any CPU
		{029CA7F3-E7C7-4D25-BD68-DDAB1C17EA64}.Release|Mixed Platforms.ActiveCfg = Release|Any CPU
		{029CA7F3-E7C7-4D25-BD68-DDAB1C17EA64}.Release|Mixed Platforms.Build.0 = Release|Any CPU
		{029CA7F3-E7C7-4D25-BD68-DDAB1C17EA64}.Release|x86.ActiveCfg = Release|Any CPU
		{2AEDD9DB-90C2-40FF-8067-9D8140452EC4}.AMS.Automotriz|.NET.ActiveCfg = Release|Any CPU
		{2AEDD9DB-90C2-40FF-8067-9D8140452EC4}.AMS.Automotriz|Any CPU.ActiveCfg = Release|Any CPU
		{2AEDD9DB-90C2-40FF-8067-9D8140452EC4}.AMS.Automotriz|Any CPU.Build.0 = Release|Any CPU
		{2AEDD9DB-90C2-40FF-8067-9D8140452EC4}.AMS.Automotriz|Mixed Platforms.ActiveCfg = Release|Any CPU
		{2AEDD9DB-90C2-40FF-8067-9D8140452EC4}.AMS.Automotriz|Mixed Platforms.Build.0 = Release|Any CPU
		{2AEDD9DB-90C2-40FF-8067-9D8140452EC4}.AMS.Automotriz|x86.ActiveCfg = Release|Any CPU
		{2AEDD9DB-90C2-40FF-8067-9D8140452EC4}.Debug|.NET.ActiveCfg = Debug|Any CPU
		{2AEDD9DB-90C2-40FF-8067-9D8140452EC4}.Debug|Any CPU.ActiveCfg = Debug|Any CPU
		{2AEDD9DB-90C2-40FF-8067-9D8140452EC4}.Debug|Any CPU.Build.0 = Debug|Any CPU
		{2AEDD9DB-90C2-40FF-8067-9D8140452EC4}.Debug|Mixed Platforms.ActiveCfg = Debug|Any CPU
		{2AEDD9DB-90C2-40FF-8067-9D8140452EC4}.Debug|Mixed Platforms.Build.0 = Debug|Any CPU
		{2AEDD9DB-90C2-40FF-8067-9D8140452EC4}.Debug|x86.ActiveCfg = Debug|Any CPU
		{2AEDD9DB-90C2-40FF-8067-9D8140452EC4}.Release|.NET.ActiveCfg = Release|Any CPU
		{2AEDD9DB-90C2-40FF-8067-9D8140452EC4}.Release|Any CPU.ActiveCfg = Release|Any CPU
		{2AEDD9DB-90C2-40FF-8067-9D8140452EC4}.Release|Any CPU.Build.0 = Release|Any CPU
		{2AEDD9DB-90C2-40FF-8067-9D8140452EC4}.Release|Mixed Platforms.ActiveCfg = Release|Any CPU
		{2AEDD9DB-90C2-40FF-8067-9D8140452EC4}.Release|Mixed Platforms.Build.0 = Release|Any CPU
		{2AEDD9DB-90C2-40FF-8067-9D8140452EC4}.Release|x86.ActiveCfg = Release|Any CPU
		{44A1D129-F4BF-439C-9A77-7B29EC3C929B}.AMS.Automotriz|.NET.ActiveCfg = Release|Any CPU
		{44A1D129-F4BF-439C-9A77-7B29EC3C929B}.AMS.Automotriz|Any CPU.ActiveCfg = Release|Any CPU
		{44A1D129-F4BF-439C-9A77-7B29EC3C929B}.AMS.Automotriz|Any CPU.Build.0 = Release|Any CPU
		{44A1D129-F4BF-439C-9A77-7B29EC3C929B}.AMS.Automotriz|Mixed Platforms.ActiveCfg = Release|Any CPU
		{44A1D129-F4BF-439C-9A77-7B29EC3C929B}.AMS.Automotriz|Mixed Platforms.Build.0 = Release|Any CPU
		{44A1D129-F4BF-439C-9A77-7B29EC3C929B}.AMS.Automotriz|x86.ActiveCfg = Release|Any CPU
		{44A1D129-F4BF-439C-9A77-7B29EC3C929B}.Debug|.NET.ActiveCfg = Debug|Any CPU
		{44A1D129-F4BF-439C-9A77-7B29EC3C929B}.Debug|Any CPU.ActiveCfg = Debug|Any CPU
		{44A1D129-F4BF-439C-9A77-7B29EC3C929B}.Debug|Any CPU.Build.0 = Debug|Any CPU
		{44A1D129-F4BF-439C-9A77-7B29EC3C929B}.Debug|Mixed Platforms.ActiveCfg = Debug|Any CPU
		{44A1D129-F4BF-439C-9A77-7B29EC3C929B}.Debug|Mixed Platforms.Build.0 = Debug|Any CPU
		{44A1D129-F4BF-439C-9A77-7B29EC3C929B}.Debug|x86.ActiveCfg = Debug|Any CPU
		{44A1D129-F4BF-439C-9A77-7B29EC3C929B}.Release|.NET.ActiveCfg = Release|Any CPU
		{44A1D129-F4BF-439C-9A77-7B29EC3C929B}.Release|Any CPU.ActiveCfg = Release|Any CPU
		{44A1D129-F4BF-439C-9A77-7B29EC3C929B}.Release|Any CPU.Build.0 = Release|Any CPU
		{44A1D129-F4BF-439C-9A77-7B29EC3C929B}.Release|Mixed Platforms.ActiveCfg = Release|Any CPU
		{44A1D129-F4BF-439C-9A77-7B29EC3C929B}.Release|Mixed Platforms.Build.0 = Release|Any CPU
		{44A1D129-F4BF-439C-9A77-7B29EC3C929B}.Release|x86.ActiveCfg = Release|Any CPU
		{B25D367A-B4E4-4995-9167-F2415F7D0D6F}.AMS.Automotriz|.NET.ActiveCfg = Release|Any CPU
		{B25D367A-B4E4-4995-9167-F2415F7D0D6F}.AMS.Automotriz|Any CPU.ActiveCfg = Release|Any CPU
		{B25D367A-B4E4-4995-9167-F2415F7D0D6F}.AMS.Automotriz|Any CPU.Build.0 = Release|Any CPU
		{B25D367A-B4E4-4995-9167-F2415F7D0D6F}.AMS.Automotriz|Mixed Platforms.ActiveCfg = Release|Any CPU
		{B25D367A-B4E4-4995-9167-F2415F7D0D6F}.AMS.Automotriz|Mixed Platforms.Build.0 = Release|Any CPU
		{B25D367A-B4E4-4995-9167-F2415F7D0D6F}.AMS.Automotriz|x86.ActiveCfg = Release|Any CPU
		{B25D367A-B4E4-4995-9167-F2415F7D0D6F}.Debug|.NET.ActiveCfg = Debug|Any CPU
		{B25D367A-B4E4-4995-9167-F2415F7D0D6F}.Debug|Any CPU.ActiveCfg = Debug|Any CPU
		{B25D367A-B4E4-4995-9167-F2415F7D0D6F}.Debug|Any CPU.Build.0 = Debug|Any CPU
		{B25D367A-B4E4-4995-9167-F2415F7D0D6F}.Debug|Mixed Platforms.ActiveCfg = Debug|Any CPU
		{B25D367A-B4E4-4995-9167-F2415F7D0D6F}.Debug|Mixed Platforms.Build.0 = Debug|Any CPU
		{B25D367A-B4E4-4995-9167-F2415F7D0D6F}.Debug|x86.ActiveCfg = Debug|Any CPU
		{B25D367A-B4E4-4995-9167-F2415F7D0D6F}.Release|.NET.ActiveCfg = Release|Any CPU
		{B25D367A-B4E4-4995-9167-F2415F7D0D6F}.Release|Any CPU.ActiveCfg = Release|Any CPU
		{B25D367A-B4E4-4995-9167-F2415F7D0D6F}.Release|Any CPU.Build.0 = Release|Any CPU
		{B25D367A-B4E4-4995-9167-F2415F7D0D6F}.Release|Mixed Platforms.ActiveCfg = Release|Any CPU
		{B25D367A-B4E4-4995-9167-F2415F7D0D6F}.Release|Mixed Platforms.Build.0 = Release|Any CPU
		{B25D367A-B4E4-4995-9167-F2415F7D0D6F}.Release|x86.ActiveCfg = Release|Any CPU
		{795F94CC-A7D7-4444-9F51-0251B6BF82ED}.AMS.Automotriz|.NET.ActiveCfg = Release|Any CPU
		{795F94CC-A7D7-4444-9F51-0251B6BF82ED}.AMS.Automotriz|Any CPU.ActiveCfg = Release|Any CPU
		{795F94CC-A7D7-4444-9F51-0251B6BF82ED}.AMS.Automotriz|Any CPU.Build.0 = Release|Any CPU
		{795F94CC-A7D7-4444-9F51-0251B6BF82ED}.AMS.Automotriz|Mixed Platforms.ActiveCfg = Release|Any CPU
		{795F94CC-A7D7-4444-9F51-0251B6BF82ED}.AMS.Automotriz|Mixed Platforms.Build.0 = Release|Any CPU
		{795F94CC-A7D7-4444-9F51-0251B6BF82ED}.AMS.Automotriz|x86.ActiveCfg = Release|Any CPU
		{795F94CC-A7D7-4444-9F51-0251B6BF82ED}.Debug|.NET.ActiveCfg = Debug|Any CPU
		{795F94CC-A7D7-4444-9F51-0251B6BF82ED}.Debug|Any CPU.ActiveCfg = Debug|Any CPU
		{795F94CC-A7D7-4444-9F51-0251B6BF82ED}.Debug|Any CPU.Build.0 = Debug|Any CPU
		{795F94CC-A7D7-4444-9F51-0251B6BF82ED}.Debug|Mixed Platforms.ActiveCfg = Debug|Any CPU
		{795F94CC-A7D7-4444-9F51-0251B6BF82ED}.Debug|Mixed Platforms.Build.0 = Debug|Any CPU
		{795F94CC-A7D7-4444-9F51-0251B6BF82ED}.Debug|x86.ActiveCfg = Debug|Any CPU
		{795F94CC-A7D7-4444-9F51-0251B6BF82ED}.Release|.NET.ActiveCfg = Release|Any CPU
		{795F94CC-A7D7-4444-9F51-0251B6BF82ED}.Release|Any CPU.ActiveCfg = Release|Any CPU
		{795F94CC-A7D7-4444-9F51-0251B6BF82ED}.Release|Any CPU.Build.0 = Release|Any CPU
		{795F94CC-A7D7-4444-9F51-0251B6BF82ED}.Release|Mixed Platforms.ActiveCfg = Release|Any CPU
		{795F94CC-A7D7-4444-9F51-0251B6BF82ED}.Release|Mixed Platforms.Build.0 = Release|Any CPU
		{795F94CC-A7D7-4444-9F51-0251B6BF82ED}.Release|x86.ActiveCfg = Release|Any CPU
		{6FC6B2BD-753F-403A-B186-07BADEE628FA}.AMS.Automotriz|.NET.ActiveCfg = Release|Any CPU
		{6FC6B2BD-753F-403A-B186-07BADEE628FA}.AMS.Automotriz|Any CPU.ActiveCfg = Release|Any CPU
		{6FC6B2BD-753F-403A-B186-07BADEE628FA}.AMS.Automotriz|Any CPU.Build.0 = Release|Any CPU
		{6FC6B2BD-753F-403A-B186-07BADEE628FA}.AMS.Automotriz|Mixed Platforms.ActiveCfg = Release|Any CPU
		{6FC6B2BD-753F-403A-B186-07BADEE628FA}.AMS.Automotriz|Mixed Platforms.Build.0 = Release|Any CPU
		{6FC6B2BD-753F-403A-B186-07BADEE628FA}.AMS.Automotriz|x86.ActiveCfg = Release|Any CPU
		{6FC6B2BD-753F-403A-B186-07BADEE628FA}.Debug|.NET.ActiveCfg = Debug|Any CPU
		{6FC6B2BD-753F-403A-B186-07BADEE628FA}.Debug|Any CPU.ActiveCfg = Debug|Any CPU
		{6FC6B2BD-753F-403A-B186-07BADEE628FA}.Debug|Any CPU.Build.0 = Debug|Any CPU
		{6FC6B2BD-753F-403A-B186-07BADEE628FA}.Debug|Mixed Platforms.ActiveCfg = Debug|Any CPU
		{6FC6B2BD-753F-403A-B186-07BADEE628FA}.Debug|Mixed Platforms.Build.0 = Debug|Any CPU
		{6FC6B2BD-753F-403A-B186-07BADEE628FA}.Debug|x86.ActiveCfg = Debug|Any CPU
		{6FC6B2BD-753F-403A-B186-07BADEE628FA}.Release|.NET.ActiveCfg = Release|Any CPU
		{6FC6B2BD-753F-403A-B186-07BADEE628FA}.Release|Any CPU.ActiveCfg = Release|Any CPU
		{6FC6B2BD-753F-403A-B186-07BADEE628FA}.Release|Any CPU.Build.0 = Release|Any CPU
		{6FC6B2BD-753F-403A-B186-07BADEE628FA}.Release|Mixed Platforms.ActiveCfg = Release|Any CPU
		{6FC6B2BD-753F-403A-B186-07BADEE628FA}.Release|Mixed Platforms.Build.0 = Release|Any CPU
		{6FC6B2BD-753F-403A-B186-07BADEE628FA}.Release|x86.ActiveCfg = Release|Any CPU
		{BF251D78-A42D-4016-8EDD-C8AF39DD66F5}.AMS.Automotriz|.NET.ActiveCfg = Release|Any CPU
		{BF251D78-A42D-4016-8EDD-C8AF39DD66F5}.AMS.Automotriz|Any CPU.ActiveCfg = Release|Any CPU
		{BF251D78-A42D-4016-8EDD-C8AF39DD66F5}.AMS.Automotriz|Any CPU.Build.0 = Release|Any CPU
		{BF251D78-A42D-4016-8EDD-C8AF39DD66F5}.AMS.Automotriz|Mixed Platforms.ActiveCfg = Release|Any CPU
		{BF251D78-A42D-4016-8EDD-C8AF39DD66F5}.AMS.Automotriz|Mixed Platforms.Build.0 = Release|Any CPU
		{BF251D78-A42D-4016-8EDD-C8AF39DD66F5}.AMS.Automotriz|x86.ActiveCfg = Release|Any CPU
		{BF251D78-A42D-4016-8EDD-C8AF39DD66F5}.Debug|.NET.ActiveCfg = Debug|Any CPU
		{BF251D78-A42D-4016-8EDD-C8AF39DD66F5}.Debug|Any CPU.ActiveCfg = Debug|Any CPU
		{BF251D78-A42D-4016-8EDD-C8AF39DD66F5}.Debug|Any CPU.Build.0 = Debug|Any CPU
		{BF251D78-A42D-4016-8EDD-C8AF39DD66F5}.Debug|Mixed Platforms.ActiveCfg = Debug|Any CPU
		{BF251D78-A42D-4016-8EDD-C8AF39DD66F5}.Debug|Mixed Platforms.Build.0 = Debug|Any CPU
		{BF251D78-A42D-4016-8EDD-C8AF39DD66F5}.Debug|x86.ActiveCfg = Debug|Any CPU
		{BF251D78-A42D-4016-8EDD-C8AF39DD66F5}.Release|.NET.ActiveCfg = Release|Any CPU
		{BF251D78-A42D-4016-8EDD-C8AF39DD66F5}.Release|Any CPU.ActiveCfg = Release|Any CPU
		{BF251D78-A42D-4016-8EDD-C8AF39DD66F5}.Release|Any CPU.Build.0 = Release|Any CPU
		{BF251D78-A42D-4016-8EDD-C8AF39DD66F5}.Release|Mixed Platforms.ActiveCfg = Release|Any CPU
		{BF251D78-A42D-4016-8EDD-C8AF39DD66F5}.Release|Mixed Platforms.Build.0 = Release|Any CPU
		{BF251D78-A42D-4016-8EDD-C8AF39DD66F5}.Release|x86.ActiveCfg = Release|Any CPU
		{EE5737C2-CF8A-4187-839F-D497BB3E59D4}.AMS.Automotriz|.NET.ActiveCfg = Release|Any CPU
		{EE5737C2-CF8A-4187-839F-D497BB3E59D4}.AMS.Automotriz|Any CPU.ActiveCfg = Release|Any CPU
		{EE5737C2-CF8A-4187-839F-D497BB3E59D4}.AMS.Automotriz|Any CPU.Build.0 = Release|Any CPU
		{EE5737C2-CF8A-4187-839F-D497BB3E59D4}.AMS.Automotriz|Mixed Platforms.ActiveCfg = Release|Any CPU
		{EE5737C2-CF8A-4187-839F-D497BB3E59D4}.AMS.Automotriz|Mixed Platforms.Build.0 = Release|Any CPU
		{EE5737C2-CF8A-4187-839F-D497BB3E59D4}.AMS.Automotriz|x86.ActiveCfg = Release|Any CPU
		{EE5737C2-CF8A-4187-839F-D497BB3E59D4}.Debug|.NET.ActiveCfg = Debug|Any CPU
		{EE5737C2-CF8A-4187-839F-D497BB3E59D4}.Debug|Any CPU.ActiveCfg = Debug|Any CPU
		{EE5737C2-CF8A-4187-839F-D497BB3E59D4}.Debug|Any CPU.Build.0 = Debug|Any CPU
		{EE5737C2-CF8A-4187-839F-D497BB3E59D4}.Debug|Mixed Platforms.ActiveCfg = Debug|Any CPU
		{EE5737C2-CF8A-4187-839F-D497BB3E59D4}.Debug|Mixed Platforms.Build.0 = Debug|Any CPU
		{EE5737C2-CF8A-4187-839F-D497BB3E59D4}.Debug|x86.ActiveCfg = Debug|Any CPU
		{EE5737C2-CF8A-4187-839F-D497BB3E59D4}.Release|.NET.ActiveCfg = Release|Any CPU
		{EE5737C2-CF8A-4187-839F-D497BB3E59D4}.Release|Any CPU.ActiveCfg = Release|Any CPU
		{EE5737C2-CF8A-4187-839F-D497BB3E59D4}.Release|Any CPU.Build.0 = Release|Any CPU
		{EE5737C2-CF8A-4187-839F-D497BB3E59D4}.Release|Mixed Platforms.ActiveCfg = Release|Any CPU
		{EE5737C2-CF8A-4187-839F-D497BB3E59D4}.Release|Mixed Platforms.Build.0 = Release|Any CPU
		{EE5737C2-CF8A-4187-839F-D497BB3E59D4}.Release|x86.ActiveCfg = Release|Any CPU
		{6E7604BA-70C3-4B1C-89F4-63590703AC99}.AMS.Automotriz|.NET.ActiveCfg = Release|Any CPU
		{6E7604BA-70C3-4B1C-89F4-63590703AC99}.AMS.Automotriz|.NET.Build.0 = Release|Any CPU
		{6E7604BA-70C3-4B1C-89F4-63590703AC99}.AMS.Automotriz|Any CPU.ActiveCfg = Release|Any CPU
		{6E7604BA-70C3-4B1C-89F4-63590703AC99}.AMS.Automotriz|Any CPU.Build.0 = Release|Any CPU
		{6E7604BA-70C3-4B1C-89F4-63590703AC99}.AMS.Automotriz|Mixed Platforms.ActiveCfg = Release|Any CPU
		{6E7604BA-70C3-4B1C-89F4-63590703AC99}.AMS.Automotriz|Mixed Platforms.Build.0 = Release|Any CPU
		{6E7604BA-70C3-4B1C-89F4-63590703AC99}.AMS.Automotriz|x86.ActiveCfg = Release|Any CPU
		{6E7604BA-70C3-4B1C-89F4-63590703AC99}.AMS.Automotriz|x86.Build.0 = Release|Any CPU
		{6E7604BA-70C3-4B1C-89F4-63590703AC99}.Debug|.NET.ActiveCfg = Debug|Any CPU
		{6E7604BA-70C3-4B1C-89F4-63590703AC99}.Debug|.NET.Build.0 = Debug|Any CPU
		{6E7604BA-70C3-4B1C-89F4-63590703AC99}.Debug|Any CPU.ActiveCfg = Debug|Any CPU
		{6E7604BA-70C3-4B1C-89F4-63590703AC99}.Debug|Any CPU.Build.0 = Debug|Any CPU
		{6E7604BA-70C3-4B1C-89F4-63590703AC99}.Debug|Mixed Platforms.ActiveCfg = Debug|Any CPU
		{6E7604BA-70C3-4B1C-89F4-63590703AC99}.Debug|Mixed Platforms.Build.0 = Debug|Any CPU
		{6E7604BA-70C3-4B1C-89F4-63590703AC99}.Debug|x86.ActiveCfg = Debug|Any CPU
		{6E7604BA-70C3-4B1C-89F4-63590703AC99}.Debug|x86.Build.0 = Debug|Any CPU
		{6E7604BA-70C3-4B1C-89F4-63590703AC99}.Release|.NET.ActiveCfg = Release|Any CPU
		{6E7604BA-70C3-4B1C-89F4-63590703AC99}.Release|.NET.Build.0 = Release|Any CPU
		{6E7604BA-70C3-4B1C-89F4-63590703AC99}.Release|Any CPU.ActiveCfg = Release|Any CPU
		{6E7604BA-70C3-4B1C-89F4-63590703AC99}.Release|Any CPU.Build.0 = Release|Any CPU
		{6E7604BA-70C3-4B1C-89F4-63590703AC99}.Release|Mixed Platforms.ActiveCfg = Release|Any CPU
		{6E7604BA-70C3-4B1C-89F4-63590703AC99}.Release|Mixed Platforms.Build.0 = Release|Any CPU
		{6E7604BA-70C3-4B1C-89F4-63590703AC99}.Release|x86.ActiveCfg = Release|Any CPU
		{6E7604BA-70C3-4B1C-89F4-63590703AC99}.Release|x86.Build.0 = Release|Any CPU
	EndGlobalSection
	GlobalSection(SolutionProperties) = preSolution
		HideSolutionNode = FALSE
	EndGlobalSection
	GlobalSection(TeamFoundationVersionControl) = preSolution
		SccNumberOfProjects = 33
		SccEnterpriseProvider = {4CA58AB2-18FA-4F8D-95D4-32DDF27D184C}
		SccTeamFoundationServer = http://ecaswebserver:8080/tfs/defaultcollection
		SccProjectUniqueName0 = AMS.DB\\AMS.DB.csproj
		SccProjectName0 = AMS.DB
		SccLocalPath0 = AMS.DB
		SccProjectUniqueName1 = AMS.DBManager\\AMS.DBManager.csproj
		SccProjectName1 = AMS.DBManager
		SccLocalPath1 = AMS.DBManager
		SccProjectUniqueName2 = AMS.Documentos\\AMS.Documentos.csproj
		SccProjectName2 = AMS.Documentos
		SccLocalPath2 = AMS.Documentos
		SccProjectUniqueName3 = AMS.ecasWCF\\AMS.ecasWCF.csproj
		SccProjectName3 = AMS.ecasWCF
		SccLocalPath3 = AMS.ecasWCF
		SccProjectUniqueName4 = AMS.Estadisticos\\AMS.Estadisticos.csproj
		SccProjectName4 = AMS.Estadisticos
		SccLocalPath4 = AMS.Estadisticos
		SccProjectUniqueName5 = AMS.FileSync\\AMS.FileSync.csproj
		SccProjectName5 = AMS.FileSync
		SccLocalPath5 = AMS.FileSync
		SccProjectUniqueName6 = AMS.Finanzas\\AMS.Finanzas.csproj
		SccProjectName6 = AMS.Finanzas
		SccLocalPath6 = AMS.Finanzas
		SccProjectUniqueName7 = AMS.Forms\\AMS.Forms.csproj
		SccProjectName7 = AMS.Forms
		SccLocalPath7 = AMS.Forms
		SccProjectUniqueName8 = AMS.Garantias\\AMS.Garantias.csproj
		SccProjectName8 = AMS.Garantias
		SccLocalPath8 = AMS.Garantias
		SccProjectUniqueName9 = AMS.Gerencial\\AMS.Gerencial.csproj
		SccProjectName9 = AMS.Gerencial
		SccLocalPath9 = AMS.Gerencial
		SccProjectUniqueName10 = AMS.Interface\\AMS.Interface.csproj
		SccProjectName10 = AMS.Interface
		SccLocalPath10 = AMS.Interface
		SccProjectUniqueName11 = AMS.Inventarios\\AMS.Inventarios.csproj
		SccProjectName11 = AMS.Inventarios
		SccLocalPath11 = AMS.Inventarios
		SccProjectUniqueName12 = AMS.Marketing\\AMS.Marketing.csproj
		SccProjectName12 = AMS.Marketing
		SccLocalPath12 = AMS.Marketing
		SccProjectUniqueName13 = AMS.Nomina\\AMS.Nomina.csproj
		SccProjectName13 = AMS.Nomina
		SccLocalPath13 = AMS.Nomina
		SccProjectUniqueName14 = AMS.Produccion\\AMS.Produccion.csproj
		SccProjectName14 = AMS.Produccion
		SccLocalPath14 = AMS.Produccion
		SccProjectUniqueName15 = AMS.Reportes\\AMS.Reportes.csproj
		SccProjectName15 = AMS.Reportes
		SccLocalPath15 = AMS.Reportes
		SccProjectUniqueName16 = AMS.SAC_Asesoria\\AMS.SAC_Asesoria.csproj
		SccProjectName16 = AMS.SAC_Asesoria
		SccLocalPath16 = AMS.SAC_Asesoria
		SccProjectUniqueName17 = AMS.Tools\\AMS.Tools.csproj
		SccProjectName17 = AMS.Tools
		SccLocalPath17 = AMS.Tools
		SccProjectUniqueName18 = AMS.Tramite\\AMS.Tramite.csproj
		SccProjectName18 = AMS.Tramite
		SccLocalPath18 = AMS.Tramite
		SccProjectUniqueName19 = AMS.Utilidades\\AMS.Utilidades.csproj
		SccProjectName19 = AMS.Utilidades
		SccLocalPath19 = AMS.Utilidades
		SccProjectUniqueName20 = AMS.Vehiculos\\AMS.Vehiculos.csproj
		SccProjectName20 = AMS.Vehiculos
		SccLocalPath20 = AMS.Vehiculos
		SccProjectUniqueName21 = AMS.VIP\\AMS.VIP.csproj
		SccProjectName21 = AMS.VIP
		SccLocalPath21 = AMS.VIP
		SccProjectUniqueName22 = AMS.Web\\AMS.Web.csproj
		SccProjectName22 = AMS.Web
		SccLocalPath22 = AMS.Web
		SccProjectUniqueName23 = AMS.WebService\\AMS.WebService.csproj
		SccProjectName23 = AMS.WebService
		SccLocalPath23 = AMS.WebService
		SccProjectUniqueName24 = AMS.Reclasificar\\AMS.Reclasificar.csproj
		SccProjectName24 = AMS.Reclasificar
		SccLocalPath24 = AMS.Reclasificar
		SccLocalPath25 = .
		SccProjectUniqueName26 = AMS.Asousados\\AMS.Asousados.csproj
		SccProjectName26 = AMS/AMS.Asousados
		SccLocalPath26 = AMS.Asousados
		SccProjectUniqueName27 = AMS.Automotriz\\AMS.Automotriz.csproj
		SccProjectName27 = AMS/AMS.Automotriz
		SccLocalPath27 = AMS.Automotriz
		SccProjectUniqueName28 = AMS.Calidad\\AMS.Calidad.csproj
		SccProjectName28 = AMS/AMS.Calidad
		SccLocalPath28 = AMS.Calidad
		SccProjectUniqueName29 = AMS.Comercial\\AMS.Comercial.csproj
		SccProjectName29 = AMS/AMS.Comercial
		SccLocalPath29 = AMS.Comercial
		SccProjectUniqueName30 = AMS.Contabilidad\\AMS.Contabilidad.csproj
		SccProjectName30 = AMS/AMS.Contabilidad
		SccLocalPath30 = AMS.Contabilidad
		SccProjectUniqueName31 = AMS.CryptoServices\\AMS.CryptoServices.csproj
		SccProjectName31 = AMS/AMS.CryptoServices
		SccLocalPath31 = AMS.CryptoServices
		SccProjectUniqueName32 = AMS\\AMS.csproj
		SccProjectName32 = AMS/AMS
		SccLocalPath32 = AMS
	EndGlobalSection
EndGlobal
